// !$*UTF8*$!
{
	archiveVersion = 1;
	classes = {
	};
	objectVersion = 46;
	objects = {

/* Begin PBXBuildFile section */
		DB5DC01B1D7FE18B00F63405 /* main.m in Sources */ = {isa = PBXBuildFile; fileRef = DB5DC01A1D7FE18B00F63405 /* main.m */; };
		DB5DC01E1D7FE18B00F63405 /* AppDelegate.m in Sources */ = {isa = PBXBuildFile; fileRef = DB5DC01D1D7FE18B00F63405 /* AppDelegate.m */; };
		DB5DC0211D7FE18B00F63405 /* ViewController.m in Sources */ = {isa = PBXBuildFile; fileRef = DB5DC0201D7FE18B00F63405 /* ViewController.m */; };
		DB5DC0241D7FE18B00F63405 /* Main.storyboard in Resources */ = {isa = PBXBuildFile; fileRef = DB5DC0221D7FE18B00F63405 /* Main.storyboard */; };
		DB5DC0261D7FE18B00F63405 /* Assets.xcassets in Resources */ = {isa = PBXBuildFile; fileRef = DB5DC0251D7FE18B00F63405 /* Assets.xcassets */; };
		DB5DC0291D7FE18B00F63405 /* LaunchScreen.storyboard in Resources */ = {isa = PBXBuildFile; fileRef = DB5DC0271D7FE18B00F63405 /* LaunchScreen.storyboard */; };
/* End PBXBuildFile section */

/* Begin PBXFileReference section */
		DB5DC0161D7FE18B00F63405 /* OpenCVDemo7.app */ = {isa = PBXFileReference; explicitFileType = wrapper.application; includeInIndex = 0; path = OpenCVDemo7.app; sourceTree = BUILT_PRODUCTS_DIR; };
		DB5DC01A1D7FE18B00F63405 /* main.m */ = {isa = PBXFileReference; lastKnownFileType = sourcecode.c.objc; path = main.m; sourceTree = "<group>"; };
		DB5DC01C1D7FE18B00F63405 /* AppDelegate.h */ = {isa = PBXFileReference; lastKnownFileType = sourcecode.c.h; path = AppDelegate.h; sourceTree = "<group>"; };
		DB5DC01D1D7FE18B00F63405 /* AppDelegate.m */ = {isa = PBXFileReference; lastKnownFileType = sourcecode.c.objc; path = AppDelegate.m; sourceTree = "<group>"; };
		DB5DC01F1D7FE18B00F63405 /* ViewController.h */ = {isa = PBXFileReference; lastKnownFileType = sourcecode.c.h; path = ViewController.h; sourceTree = "<group>"; };
		DB5DC0201D7FE18B00F63405 /* ViewController.m */ = {isa = PBXFileReference; lastKnownFileType = sourcecode.c.objc; path = ViewController.m; sourceTree = "<group>"; };
		DB5DC0231D7FE18B00F63405 /* Base */ = {isa = PBXFileReference; lastKnownFileType = file.storyboard; name = Base; path = Base.lproj/Main.storyboard; sourceTree = "<group>"; };
		DB5DC0251D7FE18B00F63405 /* Assets.xcassets */ = {isa = PBXFileReference; lastKnownFileType = folder.assetcatalog; path = Assets.xcassets; sourceTree = "<group>"; };
		DB5DC0281D7FE18B00F63405 /* Base */ = {isa = PBXFileReference; lastKnownFileType = file.storyboard; name = Base; path = Base.lproj/LaunchScreen.storyboard; sourceTree = "<group>"; };
		DB5DC02A1D7FE18B00F63405 /* Info.plist */ = {isa = PBXFileReference; lastKnownFileType = text.plist.xml; path = Info.plist; sourceTree = "<group>"; };
/* End PBXFileReference section */

/* Begin PBXFrameworksBuildPhase section */
		DB5DC0131D7FE18B00F63405 /* Frameworks */ = {
			isa = PBXFrameworksBuildPhase;
			buildActionMask = 2147483647;
			files = (
			);
			runOnlyForDeploymentPostprocessing = 0;
		};
/* End PBXFrameworksBuildPhase section */

/* Begin PBXGroup section */
		DB5DC00D1D7FE18B00F63405 = {
			isa = PBXGroup;
			children = (
				DB5DC0181D7FE18B00F63405 /* OpenCVDemo7 */,
				DB5DC0171D7FE18B00F63405 /* Products */,
			);
			sourceTree = "<group>";
		};
		DB5DC0171D7FE18B00F63405 /* Products */ = {
			isa = PBXGroup;
			children = (
				DB5DC0161D7FE18B00F63405 /* OpenCVDemo7.app */,
			);
			name = Products;
			sourceTree = "<group>";
		};
		DB5DC0181D7FE18B00F63405 /* OpenCVDemo7 */ = {
			isa = PBXGroup;
			children = (
				DB5DC01C1D7FE18B00F63405 /* AppDelegate.h */,
				DB5DC01D1D7FE18B00F63405 /* AppDelegate.m */,
				DB5DC01F1D7FE18B00F63405 /* ViewController.h */,
				DB5DC0201D7FE18B00F63405 /* ViewController.m */,
				DB5DC0221D7FE18B00F63405 /* Main.storyboard */,
				DB5DC0251D7FE18B00F63405 /* Assets.xcassets */,
				DB5DC0271D7FE18B00F63405 /* LaunchScreen.storyboard */,
				DB5DC02A1D7FE18B00F63405 /* Info.plist */,
				DB5DC0191D7FE18B00F63405 /* Supporting Files */,
			);
			path = OpenCVDemo7;
			sourceTree = "<group>";
		};
		DB5DC0191D7FE18B00F63405 /* Supporting Files */ = {
			isa = PBXGroup;
			children = (
				DB5DC01A1D7FE18B00F63405 /* main.m */,
			);
			name = "Supporting Files";
			sourceTree = "<group>";
		};
/* End PBXGroup section */

/* Begin PBXNativeTarget section */
		DB5DC0151D7FE18B00F63405 /* OpenCVDemo7 */ = {
			isa = PBXNativeTarget;
			buildConfigurationList = DB5DC02D1D7FE18B00F63405 /* Build configuration list for PBXNativeTarget "OpenCVDemo7" */;
			buildPhases = (
				DB5DC0121D7FE18B00F63405 /* Sources */,
				DB5DC0131D7FE18B00F63405 /* Frameworks */,
				DB5DC0141D7FE18B00F63405 /* Resources */,
			);
			buildRules = (
			);
			dependencies = (
			);
			name = OpenCVDemo7;
			productName = OpenCVDemo7;
			productReference = DB5DC0161D7FE18B00F63405 /* OpenCVDemo7.app */;
			productType = "com.apple.product-type.application";
		};
/* End PBXNativeTarget section */

/* Begin PBXProject section */
		DB5DC00E1D7FE18B00F63405 /* Project object */ = {
			isa = PBXProject;
			attributes = {
				LastUpgradeCheck = 0730;
				ORGANIZATIONNAME = "Xiaomei LI";
				TargetAttributes = {
					DB5DC0151D7FE18B00F63405 = {
						CreatedOnToolsVersion = 7.3.1;
					};
				};
			};
			buildConfigurationList = DB5DC0111D7FE18B00F63405 /* Build configuration list for PBXProject "OpenCVDemo7" */;
			compatibilityVersion = "Xcode 3.2";
			developmentRegion = English;
			hasScannedForEncodings = 0;
			knownRegions = (
				en,
				Base,
			);
			mainGroup = DB5DC00D1D7FE18B00F63405;
			productRefGroup = DB5DC0171D7FE18B00F63405 /* Products */;
			projectDirPath = "";
			projectRoot = "";
			targets = (
				DB5DC0151D7FE18B00F63405 /* OpenCVDemo7 */,
			);
		};
/* End PBXProject section */

/* Begin PBXResourcesBuildPhase section */
		DB5DC0141D7FE18B00F63405 /* Resources */ = {
			isa = PBXResourcesBuildPhase;
			buildActionMask = 2147483647;
			files = (
				DB5DC0291D7FE18B00F63405 /* LaunchScreen.storyboard in Resources */,
				DB5DC0261D7FE18B00F63405 /* Assets.xcassets in Resources */,
				DB5DC0241D7FE18B00F63405 /* Main.storyboard in Resources */,
			);
			runOnlyForDeploymentPostprocessing = 0;
		};
/* End PBXResourcesBuildPhase section */

/* Begin PBXSourcesBuildPhase section */
		DB5DC0121D7FE18B00F63405 /* Sources */ = {
			isa = PBXSourcesBuildPhase;
			buildActionMask = 2147483647;
			files = (
				DB5DC0211D7FE18B00F63405 /* ViewController.m in Sources */,
				DB5DC01E1D7FE18B00F63405 /* AppDelegate.m in Sources */,
				DB5DC01B1D7FE18B00F63405 /* main.m in Sources */,
			);
			runOnlyForDeploymentPostprocessing = 0;
		};
/* End PBXSourcesBuildPhase section */

/* Begin PBXVariantGroup section */
		DB5DC0221D7FE18B00F63405 /* Main.storyboard */ = {
			isa = PBXVariantGroup;
			children = (
				DB5DC0231D7FE18B00F63405 /* Base */,
			);
			name = Main.storyboard;
			sourceTree = "<group>";
		};
		DB5DC0271D7FE18B00F63405 /* LaunchScreen.storyboard */ = {
			isa = PBXVariantGroup;
			children = (
				DB5DC0281D7FE18B00F63405 /* Base */,
			);
			name = LaunchScreen.storyboard;
			sourceTree = "<group>";
		};
/* End PBXVariantGroup section */

/* Begin XCBuildConfiguration section */
		DB5DC02B1D7FE18B00F63405 /* Debug */ = {
			isa = XCBuildConfiguration;
			buildSettings = {
				ALWAYS_SEARCH_USER_PATHS = NO;
				CLANG_ANALYZER_NONNULL = YES;
				CLANG_CXX_LANGUAGE_STANDARD = "gnu++0x";
				CLANG_CXX_LIBRARY = "libc++";
				CLANG_ENABLE_MODULES = YES;
				CLANG_ENABLE_OBJC_ARC = YES;
				CLANG_WARN_BOOL_CONVERSION = YES;
				CLANG_WARN_CONSTANT_CONVERSION = YES;
				CLANG_WARN_DIRECT_OBJC_ISA_USAGE = YES_ERROR;
				CLANG_WARN_EMPTY_BODY = YES;
				CLANG_WARN_ENUM_CONVERSION = YES;
				CLANG_WARN_INT_CONVERSION = YES;
				CLANG_WARN_OBJC_ROOT_CLASS = YES_ERROR;
				CLANG_WARN_UNREACHABLE_CODE = YES;
				CLANG_WARN__DUPLICATE_METHOD_MATCH = YES;
				"CODE_SIGN_IDENTITY[sdk=iphoneos*]" = "iPhone Developer";
				COPY_PHASE_STRIP = NO;
				DEBUG_INFORMATION_FORMAT = dwarf;
				ENABLE_STRICT_OBJC_MSGSEND = YES;
				ENABLE_TESTABILITY = YES;
				GCC_C_LANGUAGE_STANDARD = gnu99;
				GCC_DYNAMIC_NO_PIC = NO;
				GCC_NO_COMMON_BLOCKS = YES;
				GCC_OPTIMIZATION_LEVEL = 0;
				GCC_PREPROCESSOR_DEFINITIONS = (
					"DEBUG=1",
					"$(inherited)",
				);
				GCC_WARN_64_TO_32_BIT_CONVERSION = YES;
				GCC_WARN_ABOUT_RETURN_TYPE = YES_ERROR;
				GCC_WARN_UNDECLARED_SELECTOR = YES;
				GCC_WARN_UNINITIALIZED_AUTOS = YES_AGGRESSIVE;
				GCC_WARN_UNUSED_FUNCTION = YES;
				GCC_WARN_UNUSED_VARIABLE = YES;
				IPHONEOS_DEPLOYMENT_TARGET = 9.3;
				MTL_ENABLE_DEBUG_INFO = YES;
				ONLY_ACTIVE_ARCH = YES;
				SDKROOT = iphoneos;
				TARGETED_DEVICE_FAMILY = "1,2";
			};
			name = Debug;
		};
		DB5DC02C1D7FE18B00F63405 /* Release */ = {
			isa = XCBuildConfiguration;
			buildSettings = {
				ALWAYS_SEARCH_USER_PATHS = NO;
				CLANG_ANALYZER_NONNULL = YES;
				CLANG_CXX_LANGUAGE_STANDARD = "gnu++0x";
				CLANG_CXX_LIBRARY = "libc++";
				CLANG_ENABLE_MODULES = YES;
				CLANG_ENABLE_OBJC_ARC = YES;
				CLANG_WARN_BOOL_CONVERSION = YES;
				CLANG_WARN_CONSTANT_CONVERSION = YES;
				CLANG_WARN_DIRECT_OBJC_ISA_USAGE = YES_ERROR;
				CLANG_WARN_EMPTY_BODY = YES;
				CLANG_WARN_ENUM_CONVERSION = YES;
				CLANG_WARN_INT_CONVERSION = YES;
				CLANG_WARN_OBJC_ROOT_CLASS = YES_ERROR;
				CLANG_WARN_UNREACHABLE_CODE = YES;
				CLANG_WARN__DUPLICATE_METHOD_MATCH = YES;
				"CODE_SIGN_IDENTITY[sdk=iphoneos*]" = "iPhone Developer";
				COPY_PHASE_STRIP = NO;
				DEBUG_INFORMATION_FORMAT = "dwarf-with-dsym";
				ENABLE_NS_ASSERTIONS = NO;
				ENABLE_STRICT_OBJC_MSGSEND = YES;
				GCC_C_LANGUAGE_STANDARD = gnu99;
				GCC_NO_COMMON_BLOCKS = YES;
				GCC_WARN_64_TO_32_BIT_CONVERSION = YES;
				GCC_WARN_ABOUT_RETURN_TYPE = YES_ERROR;
				GCC_WARN_UNDECLARED_SELECTOR = YES;
				GCC_WARN_UNINITIALIZED_AUTOS = YES_AGGRESSIVE;
				GCC_WARN_UNUSED_FUNCTION = YES;
				GCC_WARN_UNUSED_VARIABLE = YES;
				IPHONEOS_DEPLOYMENT_TARGET = 9.3;
				MTL_ENABLE_DEBUG_INFO = NO;
				SDKROOT = iphoneos;
				TARGETED_DEVICE_FAMILY = "1,2";
				VALIDATE_PRODUCT = YES;
			};
			name = Release;
		};
		DB5DC02E1D7FE18B00F63405 /* Debug */ = {
			isa = XCBuildConfiguration;
			buildSettings = {
				ASSETCATALOG_COMPILER_APPICON_NAME = AppIcon;
				INFOPLIST_FILE = OpenCVDemo7/Info.plist;
				LD_RUNPATH_SEARCH_PATHS = "$(inherited) @executable_path/Frameworks";
				PRODUCT_BUNDLE_IDENTIFIER = com.encompass8.OpenCVDemo7;
				PRODUCT_NAME = "$(TARGET_NAME)";
			};
			name = Debug;
		};
		DB5DC02F1D7FE18B00F63405 /* Release */ = {
			isa = XCBuildConfiguration;
			buildSettings = {
				ASSETCATALOG_COMPILER_APPICON_NAME = AppIcon;
				INFOPLIST_FILE = OpenCVDemo7/Info.plist;
				LD_RUNPATH_SEARCH_PATHS = "$(inherited) @executable_path/Frameworks";
				PRODUCT_BUNDLE_IDENTIFIER = com.encompass8.OpenCVDemo7;
				PRODUCT_NAME = "$(TARGET_NAME)";
			};
			name = Release;
		};
/* End XCBuildConfiguration section */

/* Begin XCConfigurationList section */
		DB5DC0111D7FE18B00F63405 /* Build configuration list for PBXProject "OpenCVDemo7" */ = {
			isa = XCConfigurationList;
			buildConfigurations = (
				DB5DC02B1D7FE18B00F63405 /* Debug */,
				DB5DC02C1D7FE18B00F63405 /* Release */,
			);
			defaultConfigurationIsVisible = 0;
			defaultConfigurationName = Release;
		};
		DB5DC02D1D7FE18B00F63405 /* Build configuration list for PBXNativeTarget "OpenCVDemo7" */ = {
			isa = XCConfigurationList;
			buildConfigurations = (
				DB5DC02E1D7FE18B00F63405 /* Debug */,
				DB5DC02F1D7FE18B00F63405 /* Release */,
			);
			defaultConfigurationIsVisible = 0;
		};
/* End XCConfigurationList section */
	};
	rootObject = DB5DC00E1D7FE18B00F63405 /* Project object */;
}
